
Microsoft Visual Studio Solution File, Format Version 12.00
# Visual Studio Version 17
VisualStudioVersion = 17.0.31903.59
MinimumVisualStudioVersion = 10.0.40219.1
Project("{2150E333-8FDC-42A3-9474-1A3956D46DE8}") = "src", "src", "{9D602B80-D076-4571-ACF1-699BD16D296A}"
EndProject
Project("{2150E333-8FDC-42A3-9474-1A3956D46DE8}") = "ApiGateway", "ApiGateway", "{CF7250F5-057D-46C4-91AF-9438016D187B}"
EndProject
Project("{FAE04EC0-301F-11D3-BF4B-00C04F79EFBC}") = "DVC.ApiGateway", "src\ApiGateway\DVC.ApiGateway\DVC.ApiGateway.csproj", "{352D1B58-5E03-4804-919F-57626BE7832B}"
EndProject
Project("{2150E333-8FDC-42A3-9474-1A3956D46DE8}") = "Shared", "Shared", "{A66B97B5-A6D4-4E40-8E49-81115B20B379}"
EndProject
Project("{FAE04EC0-301F-11D3-BF4B-00C04F79EFBC}") = "DVC.Shared.Core", "src\Shared\DVC.Shared.Core\DVC.Shared.Core.csproj", "{807806AC-B8F5-459A-A4E5-6A870C4AF9CA}"
EndProject
Project("{FAE04EC0-301F-11D3-BF4B-00C04F79EFBC}") = "DVC.Shared.Contracts", "src\Shared\DVC.Shared.Contracts\DVC.Shared.Contracts.csproj", "{BCD249AD-158B-4ED8-82C7-D6F569896580}"
EndProject
Project("{FAE04EC0-301F-11D3-BF4B-00C04F79EFBC}") = "DVC.Shared.Infrastructure", "src\Shared\DVC.Shared.Infrastructure\DVC.Shared.Infrastructure.csproj", "{BE50E134-CA4F-478E-9601-F5B1A830A57F}"
EndProject
Project("{2150E333-8FDC-42A3-9474-1A3956D46DE8}") = "Services", "Services", "{349C17AF-1A18-4084-929B-D2155DC65044}"
EndProject
Project("{2150E333-8FDC-42A3-9474-1A3956D46DE8}") = "UserService", "UserService", "{60F2C1F9-6EA3-4E91-8B35-D4821FAC497F}"
EndProject
Project("{FAE04EC0-301F-11D3-BF4B-00C04F79EFBC}") = "DVC.UserService.Api", "src\Services\UserService\DVC.UserService.Api\DVC.UserService.Api.csproj", "{EB456A1C-D804-4EF2-A613-038417B4F103}"
EndProject
Project("{FAE04EC0-301F-11D3-BF4B-00C04F79EFBC}") = "DVC.UserService.Core", "src\Services\UserService\DVC.UserService.Core\DVC.UserService.Core.csproj", "{69430451-EF72-447E-B593-561A17E90987}"
EndProject
Project("{FAE04EC0-301F-11D3-BF4B-00C04F79EFBC}") = "DVC.UserService.Infrastructure", "src\Services\UserService\DVC.UserService.Infrastructure\DVC.UserService.Infrastructure.csproj", "{4190E4E1-D3AE-459D-A032-4186D4D72FC4}"
EndProject
Project("{2150E333-8FDC-42A3-9474-1A3956D46DE8}") = "WorkflowService", "WorkflowService", "{4BB69160-3E49-425E-B36E-DDCE874771B0}"
EndProject
Project("{FAE04EC0-301F-11D3-BF4B-00C04F79EFBC}") = "DVC.WorkflowService.Api", "src\Services\WorkflowService\DVC.WorkflowService.Api\DVC.WorkflowService.Api.csproj", "{56DCDD58-B60B-4420-8069-F26A651BB6AE}"
EndProject
Project("{FAE04EC0-301F-11D3-BF4B-00C04F79EFBC}") = "DVC.WorkflowService.Core", "src\Services\WorkflowService\DVC.WorkflowService.Core\DVC.WorkflowService.Core.csproj", "{EAC9DC14-CE7E-4095-8118-B746607B4D29}"
EndProject
Project("{FAE04EC0-301F-11D3-BF4B-00C04F79EFBC}") = "DVC.WorkflowService.Infrastructure", "src\Services\WorkflowService\DVC.WorkflowService.Infrastructure\DVC.WorkflowService.Infrastructure.csproj", "{F09D5A69-4F69-42F9-A439-D848A88E9D85}"
EndProject
Project("{2150E333-8FDC-42A3-9474-1A3956D46DE8}") = "DocumentService", "DocumentService", "{B5F563C8-7A8D-468C-A09E-BA4AF9905E05}"
EndProject
Project("{FAE04EC0-301F-11D3-BF4B-00C04F79EFBC}") = "DVC.DocumentService.Api", "src\Services\DocumentService\DVC.DocumentService.Api\DVC.DocumentService.Api.csproj", "{AEC9AD35-0C57-4727-87FF-0AEAF8CA5653}"
EndProject
Project("{FAE04EC0-301F-11D3-BF4B-00C04F79EFBC}") = "DVC.DocumentService.Core", "src\Services\DocumentService\DVC.DocumentService.Core\DVC.DocumentService.Core.csproj", "{B1FCE9E0-9910-4CAA-B8C2-DA048199DBA2}"
EndProject
Project("{FAE04EC0-301F-11D3-BF4B-00C04F79EFBC}") = "DVC.DocumentService.Infrastructure", "src\Services\DocumentService\DVC.DocumentService.Infrastructure\DVC.DocumentService.Infrastructure.csproj", "{0C682BE1-3B74-444E-B45F-8CFCE0D740B3}"
EndProject
Project("{2150E333-8FDC-42A3-9474-1A3956D46DE8}") = "NotificationService", "NotificationService", "{BF7DEA0A-C359-4859-BCFC-6EECB9296640}"
EndProject
Project("{FAE04EC0-301F-11D3-BF4B-00C04F79EFBC}") = "DVC.NotificationService.Api", "src\Services\NotificationService\DVC.NotificationService.Api\DVC.NotificationService.Api.csproj", "{D8837335-591E-4CFF-AEF4-78844E0FA7F6}"
EndProject
Project("{FAE04EC0-301F-11D3-BF4B-00C04F79EFBC}") = "DVC.NotificationService.Core", "src\Services\NotificationService\DVC.NotificationService.Core\DVC.NotificationService.Core.csproj", "{C806FAAA-1D8B-47BD-913F-295CAAD93D55}"
EndProject
Project("{FAE04EC0-301F-11D3-BF4B-00C04F79EFBC}") = "DVC.NotificationService.Infrastructure", "src\Services\NotificationService\DVC.NotificationService.Infrastructure\DVC.NotificationService.Infrastructure.csproj", "{5E8084F0-38F7-4597-A536-3A17E7FC4B3D}"
EndProject
Project("{2150E333-8FDC-42A3-9474-1A3956D46DE8}") = "PostalService", "PostalService", "{F31DFE30-3E96-4FC3-9253-B93D7E1CA257}"
EndProject
Project("{FAE04EC0-301F-11D3-BF4B-00C04F79EFBC}") = "DVC.PostalService.Api", "src\Services\PostalService\DVC.PostalService.Api\DVC.PostalService.Api.csproj", "{F7C9FE98-96BF-486E-8042-EE0A9CE2D163}"
EndProject
Project("{FAE04EC0-301F-11D3-BF4B-00C04F79EFBC}") = "DVC.PostalService.Core", "src\Services\PostalService\DVC.PostalService.Core\DVC.PostalService.Core.csproj", "{233C8C40-31BA-4043-ACA3-C6E74359DA6B}"
EndProject
Project("{FAE04EC0-301F-11D3-BF4B-00C04F79EFBC}") = "DVC.PostalService.Infrastructure", "src\Services\PostalService\DVC.PostalService.Infrastructure\DVC.PostalService.Infrastructure.csproj", "{0D584047-E697-4311-A8BC-C2897E53B5FC}"
EndProject
Project("{2150E333-8FDC-42A3-9474-1A3956D46DE8}") = "Workers", "Workers", "{87D16477-E0CB-45AB-8548-AD70BCD26310}"
EndProject
Project("{FAE04EC0-301F-11D3-BF4B-00C04F79EFBC}") = "DVC.Workers.Shared", "src\Services\Workers\DVC.Workers.Shared\DVC.Workers.Shared.csproj", "{A457CC96-6C72-4C38-8FB2-5FFBFF73771E}"
EndProject
Project("{FAE04EC0-301F-11D3-BF4B-00C04F79EFBC}") = "DVC.Workers.Notification", "src\Services\Workers\DVC.Workers.Notification\DVC.Workers.Notification.csproj", "{896BC379-4DFD-4092-8DC1-870421738C3D}"
EndProject
Project("{FAE04EC0-301F-11D3-BF4B-00C04F79EFBC}") = "DVC.Workers.Postal", "src\Services\Workers\DVC.Workers.Postal\DVC.Workers.Postal.csproj", "{739F69DF-F5A8-4453-BEEC-FACEB008036D}"
EndProject
Project("{FAE04EC0-301F-11D3-BF4B-00C04F79EFBC}") = "DVC.Workers.Lgsp", "src\Services\Workers\DVC.Workers.Lgsp\DVC.Workers.Lgsp.csproj", "{188F8BB7-07FF-44CE-9BA8-2A0ECD48D417}"
EndProject
Project("{2150E333-8FDC-42A3-9474-1A3956D46DE8}") = "Integrations", "Integrations", "{1494DC39-2B98-43CC-A9E4-35C110B8A138}"
EndProject
Project("{FAE04EC0-301F-11D3-BF4B-00C04F79EFBC}") = "DVC.Integration.LGSP", "src\Integrations\DVC.Integration.LGSP\DVC.Integration.LGSP.csproj", "{205E78E4-EB00-452F-BBFF-2470BCABF104}"
EndProject
Project("{FAE04EC0-301F-11D3-BF4B-00C04F79EFBC}") = "DVC.Integration.SMS", "src\Integrations\DVC.Integration.SMS\DVC.Integration.SMS.csproj", "{E457E4F4-AB2D-4D8C-9865-70E33E2D5779}"
EndProject
Project("{FAE04EC0-301F-11D3-BF4B-00C04F79EFBC}") = "DVC.Integration.Postal", "src\Integrations\DVC.Integration.Postal\DVC.Integration.Postal.csproj", "{E3E2A70E-872E-4ACB-976F-1FDC3F2056F8}"
EndProject
Project("{FAE04EC0-301F-11D3-BF4B-00C04F79EFBC}") = "DVC.Integration.DigitalSignature", "src\Integrations\DVC.Integration.DigitalSignature\DVC.Integration.DigitalSignature.csproj", "{C35E1634-4CDC-44DE-B056-6E000A882D7E}"
EndProject
Project("{2150E333-8FDC-42A3-9474-1A3956D46DE8}") = "tests", "tests", "{2F7149D0-6AE9-485C-8E8E-5E5BED98BFD9}"
EndProject
Project("{2150E333-8FDC-42A3-9474-1A3956D46DE8}") = "Unit", "Unit", "{B26C412A-27F1-4997-8943-61D362BC08E0}"
EndProject
Project("{FAE04EC0-301F-11D3-BF4B-00C04F79EFBC}") = "DVC.UserService.UnitTests", "tests\Unit\DVC.UserService.UnitTests\DVC.UserService.UnitTests.csproj", "{2A31F51B-E4DA-45D2-ACAF-7C099F46EEC4}"
EndProject
Project("{2150E333-8FDC-42A3-9474-1A3956D46DE8}") = "Integration", "Integration", "{B0929995-BFDD-4CDB-818B-098C8E8E3B2F}"
EndProject
Project("{FAE04EC0-301F-11D3-BF4B-00C04F79EFBC}") = "DVC.Integration.Tests", "tests\Integration\DVC.Integration.Tests\DVC.Integration.Tests.csproj", "{77A21B32-01B8-42B3-96E0-333C31DB7AEE}"
EndProject
Project("{2150E333-8FDC-42A3-9474-1A3956D46DE8}") = "Performance", "Performance", "{D8CC26DB-4AAD-4443-8C50-D7FE4669893C}"
EndProject
Project("{FAE04EC0-301F-11D3-BF4B-00C04F79EFBC}") = "DVC.LoadTests", "tests\Performance\DVC.LoadTests\DVC.LoadTests.csproj", "{1D735ED0-0949-466F-BD04-CD35C6E1278A}"
EndProject
Project("{2150E333-8FDC-42A3-9474-1A3956D46DE8}") = "tools", "tools", "{DB50D2E3-7352-4E2F-AC2C-E0ACCDCC6766}"
EndProject
Project("{FAE04EC0-301F-11D3-BF4B-00C04F79EFBC}") = "DatabaseMigration", "tools\DatabaseMigration\DatabaseMigration.csproj", "{8B91152E-44A0-4026-934C-A866FB34C0F3}"
EndProject
Project("{FAE04EC0-301F-11D3-BF4B-00C04F79EFBC}") = "CodeGeneration", "tools\CodeGeneration\CodeGeneration.csproj", "{A48ADDB8-8ECE-47C4-9D5E-1BECBEB33EF6}"
EndProject
Project("{FAE04EC0-301F-11D3-BF4B-00C04F79EFBC}") = "TestDataSeeder", "tools\TestDataSeeder\TestDataSeeder.csproj", "{B2A8AD06-B19F-4285-85A7-D956C2DDF5C8}"
EndProject
Global
	GlobalSection(SolutionConfigurationPlatforms) = preSolution
		Debug|Any CPU = Debug|Any CPU
		Release|Any CPU = Release|Any CPU
	EndGlobalSection
	GlobalSection(SolutionProperties) = preSolution
		HideSolutionNode = FALSE
	EndGlobalSection
	GlobalSection(ProjectConfigurationPlatforms) = postSolution
		{352D1B58-5E03-4804-919F-57626BE7832B}.Debug|Any CPU.ActiveCfg = Debug|Any CPU
		{352D1B58-5E03-4804-919F-57626BE7832B}.Debug|Any CPU.Build.0 = Debug|Any CPU
		{352D1B58-5E03-4804-919F-57626BE7832B}.Release|Any CPU.ActiveCfg = Release|Any CPU
		{352D1B58-5E03-4804-919F-57626BE7832B}.Release|Any CPU.Build.0 = Release|Any CPU
		{807806AC-B8F5-459A-A4E5-6A870C4AF9CA}.Debug|Any CPU.ActiveCfg = Debug|Any CPU
		{807806AC-B8F5-459A-A4E5-6A870C4AF9CA}.Debug|Any CPU.Build.0 = Debug|Any CPU
		{807806AC-B8F5-459A-A4E5-6A870C4AF9CA}.Release|Any CPU.ActiveCfg = Release|Any CPU
		{807806AC-B8F5-459A-A4E5-6A870C4AF9CA}.Release|Any CPU.Build.0 = Release|Any CPU
		{BCD249AD-158B-4ED8-82C7-D6F569896580}.Debug|Any CPU.ActiveCfg = Debug|Any CPU
		{BCD249AD-158B-4ED8-82C7-D6F569896580}.Debug|Any CPU.Build.0 = Debug|Any CPU
		{BCD249AD-158B-4ED8-82C7-D6F569896580}.Release|Any CPU.ActiveCfg = Release|Any CPU
		{BCD249AD-158B-4ED8-82C7-D6F569896580}.Release|Any CPU.Build.0 = Release|Any CPU
		{BE50E134-CA4F-478E-9601-F5B1A830A57F}.Debug|Any CPU.ActiveCfg = Debug|Any CPU
		{BE50E134-CA4F-478E-9601-F5B1A830A57F}.Debug|Any CPU.Build.0 = Debug|Any CPU
		{BE50E134-CA4F-478E-9601-F5B1A830A57F}.Release|Any CPU.ActiveCfg = Release|Any CPU
		{BE50E134-CA4F-478E-9601-F5B1A830A57F}.Release|Any CPU.Build.0 = Release|Any CPU
		{EB456A1C-D804-4EF2-A613-038417B4F103}.Debug|Any CPU.ActiveCfg = Debug|Any CPU
		{EB456A1C-D804-4EF2-A613-038417B4F103}.Debug|Any CPU.Build.0 = Debug|Any CPU
		{EB456A1C-D804-4EF2-A613-038417B4F103}.Release|Any CPU.ActiveCfg = Release|Any CPU
		{EB456A1C-D804-4EF2-A613-038417B4F103}.Release|Any CPU.Build.0 = Release|Any CPU
		{69430451-EF72-447E-B593-561A17E90987}.Debug|Any CPU.ActiveCfg = Debug|Any CPU
		{69430451-EF72-447E-B593-561A17E90987}.Debug|Any CPU.Build.0 = Debug|Any CPU
		{69430451-EF72-447E-B593-561A17E90987}.Release|Any CPU.ActiveCfg = Release|Any CPU
		{69430451-EF72-447E-B593-561A17E90987}.Release|Any CPU.Build.0 = Release|Any CPU
		{4190E4E1-D3AE-459D-A032-4186D4D72FC4}.Debug|Any CPU.ActiveCfg = Debug|Any CPU
		{4190E4E1-D3AE-459D-A032-4186D4D72FC4}.Debug|Any CPU.Build.0 = Debug|Any CPU
		{4190E4E1-D3AE-459D-A032-4186D4D72FC4}.Release|Any CPU.ActiveCfg = Release|Any CPU
		{4190E4E1-D3AE-459D-A032-4186D4D72FC4}.Release|Any CPU.Build.0 = Release|Any CPU
		{56DCDD58-B60B-4420-8069-F26A651BB6AE}.Debug|Any CPU.ActiveCfg = Debug|Any CPU
		{56DCDD58-B60B-4420-8069-F26A651BB6AE}.Debug|Any CPU.Build.0 = Debug|Any CPU
		{56DCDD58-B60B-4420-8069-F26A651BB6AE}.Release|Any CPU.ActiveCfg = Release|Any CPU
		{56DCDD58-B60B-4420-8069-F26A651BB6AE}.Release|Any CPU.Build.0 = Release|Any CPU
		{EAC9DC14-CE7E-4095-8118-B746607B4D29}.Debug|Any CPU.ActiveCfg = Debug|Any CPU
		{EAC9DC14-CE7E-4095-8118-B746607B4D29}.Debug|Any CPU.Build.0 = Debug|Any CPU
		{EAC9DC14-CE7E-4095-8118-B746607B4D29}.Release|Any CPU.ActiveCfg = Release|Any CPU
		{EAC9DC14-CE7E-4095-8118-B746607B4D29}.Release|Any CPU.Build.0 = Release|Any CPU
		{F09D5A69-4F69-42F9-A439-D848A88E9D85}.Debug|Any CPU.ActiveCfg = Debug|Any CPU
		{F09D5A69-4F69-42F9-A439-D848A88E9D85}.Debug|Any CPU.Build.0 = Debug|Any CPU
		{F09D5A69-4F69-42F9-A439-D848A88E9D85}.Release|Any CPU.ActiveCfg = Release|Any CPU
		{F09D5A69-4F69-42F9-A439-D848A88E9D85}.Release|Any CPU.Build.0 = Release|Any CPU
		{AEC9AD35-0C57-4727-87FF-0AEAF8CA5653}.Debug|Any CPU.ActiveCfg = Debug|Any CPU
		{AEC9AD35-0C57-4727-87FF-0AEAF8CA5653}.Debug|Any CPU.Build.0 = Debug|Any CPU
		{AEC9AD35-0C57-4727-87FF-0AEAF8CA5653}.Release|Any CPU.ActiveCfg = Release|Any CPU
		{AEC9AD35-0C57-4727-87FF-0AEAF8CA5653}.Release|Any CPU.Build.0 = Release|Any CPU
		{B1FCE9E0-9910-4CAA-B8C2-DA048199DBA2}.Debug|Any CPU.ActiveCfg = Debug|Any CPU
		{B1FCE9E0-9910-4CAA-B8C2-DA048199DBA2}.Debug|Any CPU.Build.0 = Debug|Any CPU
		{B1FCE9E0-9910-4CAA-B8C2-DA048199DBA2}.Release|Any CPU.ActiveCfg = Release|Any CPU
		{B1FCE9E0-9910-4CAA-B8C2-DA048199DBA2}.Release|Any CPU.Build.0 = Release|Any CPU
		{0C682BE1-3B74-444E-B45F-8CFCE0D740B3}.Debug|Any CPU.ActiveCfg = Debug|Any CPU
		{0C682BE1-3B74-444E-B45F-8CFCE0D740B3}.Debug|Any CPU.Build.0 = Debug|Any CPU
		{0C682BE1-3B74-444E-B45F-8CFCE0D740B3}.Release|Any CPU.ActiveCfg = Release|Any CPU
		{0C682BE1-3B74-444E-B45F-8CFCE0D740B3}.Release|Any CPU.Build.0 = Release|Any CPU
		{D8837335-591E-4CFF-AEF4-78844E0FA7F6}.Debug|Any CPU.ActiveCfg = Debug|Any CPU
		{D8837335-591E-4CFF-AEF4-78844E0FA7F6}.Debug|Any CPU.Build.0 = Debug|Any CPU
		{D8837335-591E-4CFF-AEF4-78844E0FA7F6}.Release|Any CPU.ActiveCfg = Release|Any CPU
		{D8837335-591E-4CFF-AEF4-78844E0FA7F6}.Release|Any CPU.Build.0 = Release|Any CPU
		{C806FAAA-1D8B-47BD-913F-295CAAD93D55}.Debug|Any CPU.ActiveCfg = Debug|Any CPU
		{C806FAAA-1D8B-47BD-913F-295CAAD93D55}.Debug|Any CPU.Build.0 = Debug|Any CPU
		{C806FAAA-1D8B-47BD-913F-295CAAD93D55}.Release|Any CPU.ActiveCfg = Release|Any CPU
		{C806FAAA-1D8B-47BD-913F-295CAAD93D55}.Release|Any CPU.Build.0 = Release|Any CPU
		{5E8084F0-38F7-4597-A536-3A17E7FC4B3D}.Debug|Any CPU.ActiveCfg = Debug|Any CPU
		{5E8084F0-38F7-4597-A536-3A17E7FC4B3D}.Debug|Any CPU.Build.0 = Debug|Any CPU
		{5E8084F0-38F7-4597-A536-3A17E7FC4B3D}.Release|Any CPU.ActiveCfg = Release|Any CPU
		{5E8084F0-38F7-4597-A536-3A17E7FC4B3D}.Release|Any CPU.Build.0 = Release|Any CPU
		{F7C9FE98-96BF-486E-8042-EE0A9CE2D163}.Debug|Any CPU.ActiveCfg = Debug|Any CPU
		{F7C9FE98-96BF-486E-8042-EE0A9CE2D163}.Debug|Any CPU.Build.0 = Debug|Any CPU
		{F7C9FE98-96BF-486E-8042-EE0A9CE2D163}.Release|Any CPU.ActiveCfg = Release|Any CPU
		{F7C9FE98-96BF-486E-8042-EE0A9CE2D163}.Release|Any CPU.Build.0 = Release|Any CPU
		{233C8C40-31BA-4043-ACA3-C6E74359DA6B}.Debug|Any CPU.ActiveCfg = Debug|Any CPU
		{233C8C40-31BA-4043-ACA3-C6E74359DA6B}.Debug|Any CPU.Build.0 = Debug|Any CPU
		{233C8C40-31BA-4043-ACA3-C6E74359DA6B}.Release|Any CPU.ActiveCfg = Release|Any CPU
		{233C8C40-31BA-4043-ACA3-C6E74359DA6B}.Release|Any CPU.Build.0 = Release|Any CPU
		{0D584047-E697-4311-A8BC-C2897E53B5FC}.Debug|Any CPU.ActiveCfg = Debug|Any CPU
		{0D584047-E697-4311-A8BC-C2897E53B5FC}.Debug|Any CPU.Build.0 = Debug|Any CPU
		{0D584047-E697-4311-A8BC-C2897E53B5FC}.Release|Any CPU.ActiveCfg = Release|Any CPU
		{0D584047-E697-4311-A8BC-C2897E53B5FC}.Release|Any CPU.Build.0 = Release|Any CPU
		{A457CC96-6C72-4C38-8FB2-5FFBFF73771E}.Debug|Any CPU.ActiveCfg = Debug|Any CPU
		{A457CC96-6C72-4C38-8FB2-5FFBFF73771E}.Debug|Any CPU.Build.0 = Debug|Any CPU
		{A457CC96-6C72-4C38-8FB2-5FFBFF73771E}.Release|Any CPU.ActiveCfg = Release|Any CPU
		{A457CC96-6C72-4C38-8FB2-5FFBFF73771E}.Release|Any CPU.Build.0 = Release|Any CPU
		{896BC379-4DFD-4092-8DC1-870421738C3D}.Debug|Any CPU.ActiveCfg = Debug|Any CPU
		{896BC379-4DFD-4092-8DC1-870421738C3D}.Debug|Any CPU.Build.0 = Debug|Any CPU
		{896BC379-4DFD-4092-8DC1-870421738C3D}.Release|Any CPU.ActiveCfg = Release|Any CPU
		{896BC379-4DFD-4092-8DC1-870421738C3D}.Release|Any CPU.Build.0 = Release|Any CPU
		{739F69DF-F5A8-4453-BEEC-FACEB008036D}.Debug|Any CPU.ActiveCfg = Debug|Any CPU
		{739F69DF-F5A8-4453-BEEC-FACEB008036D}.Debug|Any CPU.Build.0 = Debug|Any CPU
		{739F69DF-F5A8-4453-BEEC-FACEB008036D}.Release|Any CPU.ActiveCfg = Release|Any CPU
		{739F69DF-F5A8-4453-BEEC-FACEB008036D}.Release|Any CPU.Build.0 = Release|Any CPU
		{188F8BB7-07FF-44CE-9BA8-2A0ECD48D417}.Debug|Any CPU.ActiveCfg = Debug|Any CPU
		{188F8BB7-07FF-44CE-9BA8-2A0ECD48D417}.Debug|Any CPU.Build.0 = Debug|Any CPU
		{188F8BB7-07FF-44CE-9BA8-2A0ECD48D417}.Release|Any CPU.ActiveCfg = Release|Any CPU
		{188F8BB7-07FF-44CE-9BA8-2A0ECD48D417}.Release|Any CPU.Build.0 = Release|Any CPU
		{205E78E4-EB00-452F-BBFF-2470BCABF104}.Debug|Any CPU.ActiveCfg = Debug|Any CPU
		{205E78E4-EB00-452F-BBFF-2470BCABF104}.Debug|Any CPU.Build.0 = Debug|Any CPU
		{205E78E4-EB00-452F-BBFF-2470BCABF104}.Release|Any CPU.ActiveCfg = Release|Any CPU
		{205E78E4-EB00-452F-BBFF-2470BCABF104}.Release|Any CPU.Build.0 = Release|Any CPU
		{E457E4F4-AB2D-4D8C-9865-70E33E2D5779}.Debug|Any CPU.ActiveCfg = Debug|Any CPU
		{E457E4F4-AB2D-4D8C-9865-70E33E2D5779}.Debug|Any CPU.Build.0 = Debug|Any CPU
		{E457E4F4-AB2D-4D8C-9865-70E33E2D5779}.Release|Any CPU.ActiveCfg = Release|Any CPU
		{E457E4F4-AB2D-4D8C-9865-70E33E2D5779}.Release|Any CPU.Build.0 = Release|Any CPU
		{E3E2A70E-872E-4ACB-976F-1FDC3F2056F8}.Debug|Any CPU.ActiveCfg = Debug|Any CPU
		{E3E2A70E-872E-4ACB-976F-1FDC3F2056F8}.Debug|Any CPU.Build.0 = Debug|Any CPU
		{E3E2A70E-872E-4ACB-976F-1FDC3F2056F8}.Release|Any CPU.ActiveCfg = Release|Any CPU
		{E3E2A70E-872E-4ACB-976F-1FDC3F2056F8}.Release|Any CPU.Build.0 = Release|Any CPU
		{C35E1634-4CDC-44DE-B056-6E000A882D7E}.Debug|Any CPU.ActiveCfg = Debug|Any CPU
		{C35E1634-4CDC-44DE-B056-6E000A882D7E}.Debug|Any CPU.Build.0 = Debug|Any CPU
		{C35E1634-4CDC-44DE-B056-6E000A882D7E}.Release|Any CPU.ActiveCfg = Release|Any CPU
		{C35E1634-4CDC-44DE-B056-6E000A882D7E}.Release|Any CPU.Build.0 = Release|Any CPU
		{2A31F51B-E4DA-45D2-ACAF-7C099F46EEC4}.Debug|Any CPU.ActiveCfg = Debug|Any CPU
		{2A31F51B-E4DA-45D2-ACAF-7C099F46EEC4}.Debug|Any CPU.Build.0 = Debug|Any CPU
		{2A31F51B-E4DA-45D2-ACAF-7C099F46EEC4}.Release|Any CPU.ActiveCfg = Release|Any CPU
		{2A31F51B-E4DA-45D2-ACAF-7C099F46EEC4}.Release|Any CPU.Build.0 = Release|Any CPU
		{77A21B32-01B8-42B3-96E0-333C31DB7AEE}.Debug|Any CPU.ActiveCfg = Debug|Any CPU
		{77A21B32-01B8-42B3-96E0-333C31DB7AEE}.Debug|Any CPU.Build.0 = Debug|Any CPU
		{77A21B32-01B8-42B3-96E0-333C31DB7AEE}.Release|Any CPU.ActiveCfg = Release|Any CPU
		{77A21B32-01B8-42B3-96E0-333C31DB7AEE}.Release|Any CPU.Build.0 = Release|Any CPU
		{1D735ED0-0949-466F-BD04-CD35C6E1278A}.Debug|Any CPU.ActiveCfg = Debug|Any CPU
		{1D735ED0-0949-466F-BD04-CD35C6E1278A}.Debug|Any CPU.Build.0 = Debug|Any CPU
		{1D735ED0-0949-466F-BD04-CD35C6E1278A}.Release|Any CPU.ActiveCfg = Release|Any CPU
		{1D735ED0-0949-466F-BD04-CD35C6E1278A}.Release|Any CPU.Build.0 = Release|Any CPU
		{8B91152E-44A0-4026-934C-A866FB34C0F3}.Debug|Any CPU.ActiveCfg = Debug|Any CPU
		{8B91152E-44A0-4026-934C-A866FB34C0F3}.Debug|Any CPU.Build.0 = Debug|Any CPU
		{8B91152E-44A0-4026-934C-A866FB34C0F3}.Release|Any CPU.ActiveCfg = Release|Any CPU
		{8B91152E-44A0-4026-934C-A866FB34C0F3}.Release|Any CPU.Build.0 = Release|Any CPU
		{A48ADDB8-8ECE-47C4-9D5E-1BECBEB33EF6}.Debug|Any CPU.ActiveCfg = Debug|Any CPU
		{A48ADDB8-8ECE-47C4-9D5E-1BECBEB33EF6}.Debug|Any CPU.Build.0 = Debug|Any CPU
		{A48ADDB8-8ECE-47C4-9D5E-1BECBEB33EF6}.Release|Any CPU.ActiveCfg = Release|Any CPU
		{A48ADDB8-8ECE-47C4-9D5E-1BECBEB33EF6}.Release|Any CPU.Build.0 = Release|Any CPU
		{B2A8AD06-B19F-4285-85A7-D956C2DDF5C8}.Debug|Any CPU.ActiveCfg = Debug|Any CPU
		{B2A8AD06-B19F-4285-85A7-D956C2DDF5C8}.Debug|Any CPU.Build.0 = Debug|Any CPU
		{B2A8AD06-B19F-4285-85A7-D956C2DDF5C8}.Release|Any CPU.ActiveCfg = Release|Any CPU
		{B2A8AD06-B19F-4285-85A7-D956C2DDF5C8}.Release|Any CPU.Build.0 = Release|Any CPU
	EndGlobalSection
	GlobalSection(NestedProjects) = preSolution
		{CF7250F5-057D-46C4-91AF-9438016D187B} = {9D602B80-D076-4571-ACF1-699BD16D296A}
		{352D1B58-5E03-4804-919F-57626BE7832B} = {CF7250F5-057D-46C4-91AF-9438016D187B}
		{A66B97B5-A6D4-4E40-8E49-81115B20B379} = {9D602B80-D076-4571-ACF1-699BD16D296A}
		{807806AC-B8F5-459A-A4E5-6A870C4AF9CA} = {A66B97B5-A6D4-4E40-8E49-81115B20B379}
		{BCD249AD-158B-4ED8-82C7-D6F569896580} = {A66B97B5-A6D4-4E40-8E49-81115B20B379}
		{BE50E134-CA4F-478E-9601-F5B1A830A57F} = {A66B97B5-A6D4-4E40-8E49-81115B20B379}
		{349C17AF-1A18-4084-929B-D2155DC65044} = {9D602B80-D076-4571-ACF1-699BD16D296A}
		{60F2C1F9-6EA3-4E91-8B35-D4821FAC497F} = {349C17AF-1A18-4084-929B-D2155DC65044}
		{EB456A1C-D804-4EF2-A613-038417B4F103} = {60F2C1F9-6EA3-4E91-8B35-D4821FAC497F}
		{69430451-EF72-447E-B593-561A17E90987} = {60F2C1F9-6EA3-4E91-8B35-D4821FAC497F}
		{4190E4E1-D3AE-459D-A032-4186D4D72FC4} = {60F2C1F9-6EA3-4E91-8B35-D4821FAC497F}
		{4BB69160-3E49-425E-B36E-DDCE874771B0} = {349C17AF-1A18-4084-929B-D2155DC65044}
		{56DCDD58-B60B-4420-8069-F26A651BB6AE} = {4BB69160-3E49-425E-B36E-DDCE874771B0}
		{EAC9DC14-CE7E-4095-8118-B746607B4D29} = {4BB69160-3E49-425E-B36E-DDCE874771B0}
		{F09D5A69-4F69-42F9-A439-D848A88E9D85} = {4BB69160-3E49-425E-B36E-DDCE874771B0}
		{B5F563C8-7A8D-468C-A09E-BA4AF9905E05} = {349C17AF-1A18-4084-929B-D2155DC65044}
		{AEC9AD35-0C57-4727-87FF-0AEAF8CA5653} = {B5F563C8-7A8D-468C-A09E-BA4AF9905E05}
		{B1FCE9E0-9910-4CAA-B8C2-DA048199DBA2} = {B5F563C8-7A8D-468C-A09E-BA4AF9905E05}
		{0C682BE1-3B74-444E-B45F-8CFCE0D740B3} = {B5F563C8-7A8D-468C-A09E-BA4AF9905E05}
		{BF7DEA0A-C359-4859-BCFC-6EECB9296640} = {349C17AF-1A18-4084-929B-D2155DC65044}
		{D8837335-591E-4CFF-AEF4-78844E0FA7F6} = {BF7DEA0A-C359-4859-BCFC-6EECB9296640}
		{C806FAAA-1D8B-47BD-913F-295CAAD93D55} = {BF7DEA0A-C359-4859-BCFC-6EECB9296640}
		{5E8084F0-38F7-4597-A536-3A17E7FC4B3D} = {BF7DEA0A-C359-4859-BCFC-6EECB9296640}
		{F31DFE30-3E96-4FC3-9253-B93D7E1CA257} = {349C17AF-1A18-4084-929B-D2155DC65044}
		{F7C9FE98-96BF-486E-8042-EE0A9CE2D163} = {F31DFE30-3E96-4FC3-9253-B93D7E1CA257}
		{233C8C40-31BA-4043-ACA3-C6E74359DA6B} = {F31DFE30-3E96-4FC3-9253-B93D7E1CA257}
		{0D584047-E697-4311-A8BC-C2897E53B5FC} = {F31DFE30-3E96-4FC3-9253-B93D7E1CA257}
		{87D16477-E0CB-45AB-8548-AD70BCD26310} = {349C17AF-1A18-4084-929B-D2155DC65044}
		{A457CC96-6C72-4C38-8FB2-5FFBFF73771E} = {87D16477-E0CB-45AB-8548-AD70BCD26310}
		{896BC379-4DFD-4092-8DC1-870421738C3D} = {87D16477-E0CB-45AB-8548-AD70BCD26310}
		{739F69DF-F5A8-4453-BEEC-FACEB008036D} = {87D16477-E0CB-45AB-8548-AD70BCD26310}
		{188F8BB7-07FF-44CE-9BA8-2A0ECD48D417} = {87D16477-E0CB-45AB-8548-AD70BCD26310}
		{1494DC39-2B98-43CC-A9E4-35C110B8A138} = {9D602B80-D076-4571-ACF1-699BD16D296A}
		{205E78E4-EB00-452F-BBFF-2470BCABF104} = {1494DC39-2B98-43CC-A9E4-35C110B8A138}
		{E457E4F4-AB2D-4D8C-9865-70E33E2D5779} = {1494DC39-2B98-43CC-A9E4-35C110B8A138}
		{E3E2A70E-872E-4ACB-976F-1FDC3F2056F8} = {1494DC39-2B98-43CC-A9E4-35C110B8A138}
		{C35E1634-4CDC-44DE-B056-6E000A882D7E} = {1494DC39-2B98-43CC-A9E4-35C110B8A138}
		{B26C412A-27F1-4997-8943-61D362BC08E0} = {2F7149D0-6AE9-485C-8E8E-5E5BED98BFD9}
		{2A31F51B-E4DA-45D2-ACAF-7C099F46EEC4} = {B26C412A-27F1-4997-8943-61D362BC08E0}
		{B0929995-BFDD-4CDB-818B-098C8E8E3B2F} = {2F7149D0-6AE9-485C-8E8E-5E5BED98BFD9}
		{77A21B32-01B8-42B3-96E0-333C31DB7AEE} = {B0929995-BFDD-4CDB-818B-098C8E8E3B2F}
		{D8CC26DB-4AAD-4443-8C50-D7FE4669893C} = {2F7149D0-6AE9-485C-8E8E-5E5BED98BFD9}
		{1D735ED0-0949-466F-BD04-CD35C6E1278A} = {D8CC26DB-4AAD-4443-8C50-D7FE4669893C}
		{8B91152E-44A0-4026-934C-A866FB34C0F3} = {DB50D2E3-7352-4E2F-AC2C-E0ACCDCC6766}
		{A48ADDB8-8ECE-47C4-9D5E-1BECBEB33EF6} = {DB50D2E3-7352-4E2F-AC2C-E0ACCDCC6766}
		{B2A8AD06-B19F-4285-85A7-D956C2DDF5C8} = {DB50D2E3-7352-4E2F-AC2C-E0ACCDCC6766}
	EndGlobalSection
EndGlobal
